
Microsoft Visual Studio Solution File, Format Version 12.00
# Visual Studio Version 17
VisualStudioVersion = 17.4.33213.308
MinimumVisualStudioVersion = 10.0.40219.1
Project("{FAE04EC0-301F-11D3-BF4B-00C04F79EFBC}") = "ABPLC.Library.Net", "ABPLC.Library.Net\ABPLC.Library.Net.csproj", "{C7ECEAD2-AD93-42FC-A315-B0865FA3D5CF}"
EndProject
Global
	GlobalSection(SolutionConfigurationPlatforms) = preSolution
		Debug|Any CPU = Debug|Any CPU
		Release|Any CPU = Release|Any CPU
	EndGlobalSection
	GlobalSection(ProjectConfigurationPlatforms) = postSolution
		{C7ECEAD2-AD93-42FC-A315-B0865FA3D5CF}.Debug|Any CPU.ActiveCfg = Debug|Any CPU
		{C7ECEAD2-AD93-42FC-A315-B0865FA3D5CF}.Debug|Any CPU.Build.0 = Debug|Any CPU
		{C7ECEAD2-AD93-42FC-A315-B0865FA3D5CF}.Release|Any CPU.ActiveCfg = Release|Any CPU
		{C7ECEAD2-AD93-42FC-A315-B0865FA3D5CF}.Release|Any CPU.Build.0 = Release|Any CPU
	EndGlobalSection
	GlobalSection(SolutionProperties) = preSolution
		HideSolutionNode = FALSE
	EndGlobalSection
	GlobalSection(ExtensibilityGlobals) = postSolution
		SolutionGuid = {1915F872-6F5D-447B-B094-B5AB9B054597}
	EndGlobalSection
EndGlobal
